
Microsoft Visual Studio Solution File, Format Version 12.00
# Visual Studio Version 16
VisualStudioVersion = 16.0.809.4
MinimumVisualStudioVersion = 10.0.40219.1
Project("{FAE04EC0-301F-11D3-BF4B-00C04F79EFBC}") = "HelpTheHelpers", "HelpTheHelpers\HelpTheHelpers.csproj", "{C46057BC-1286-4CD5-87E7-5DB89DC011D8}"
EndProject
Global
	GlobalSection(SolutionConfigurationPlatforms) = preSolution
		Debug|Any CPU = Debug|Any CPU
		Release|Any CPU = Release|Any CPU
	EndGlobalSection
	GlobalSection(ProjectConfigurationPlatforms) = postSolution
		{C46057BC-1286-4CD5-87E7-5DB89DC011D8}.Debug|Any CPU.ActiveCfg = Debug|Any CPU
		{C46057BC-1286-4CD5-87E7-5DB89DC011D8}.Debug|Any CPU.Build.0 = Debug|Any CPU
		{C46057BC-1286-4CD5-87E7-5DB89DC011D8}.Release|Any CPU.ActiveCfg = Release|Any CPU
		{C46057BC-1286-4CD5-87E7-5DB89DC011D8}.Release|Any CPU.Build.0 = Release|Any CPU
	EndGlobalSection
	GlobalSection(SolutionProperties) = preSolution
		HideSolutionNode = FALSE
	EndGlobalSection
	GlobalSection(ExtensibilityGlobals) = postSolution
		SolutionGuid = {7ABAF80C-1D1C-4AE2-AD5F-C92884D7FDC9}
	EndGlobalSection
EndGlobal
